
Microsoft Visual Studio Solution File, Format Version 12.00
# Visual Studio Version 17
VisualStudioVersion = 17.9.34728.123
MinimumVisualStudioVersion = 10.0.40219.1
Project("{9A19103F-16F7-4668-BE54-9A1E7A4F7556}") = "TasksAPI", "Tasks\TasksAPI.csproj", "{D570D9BC-ABD2-4EC3-92A9-5003CAB05BBD}"
EndProject
Project("{9A19103F-16F7-4668-BE54-9A1E7A4F7556}") = "TaskBlazor", "TaskBlazor\TaskBlazor.csproj", "{6B3D77DC-7A64-4C85-B4DC-2B83C401F831}"
EndProject
Project("{9A19103F-16F7-4668-BE54-9A1E7A4F7556}") = "TasksBlazor", "TasksBlazor\TasksBlazor.csproj", "{C703231E-2828-45CD-B884-F865266758EF}"
EndProject
Global
	GlobalSection(SolutionConfigurationPlatforms) = preSolution
		Debug|Any CPU = Debug|Any CPU
		Release|Any CPU = Release|Any CPU
	EndGlobalSection
	GlobalSection(ProjectConfigurationPlatforms) = postSolution
		{D570D9BC-ABD2-4EC3-92A9-5003CAB05BBD}.Debug|Any CPU.ActiveCfg = Debug|Any CPU
		{D570D9BC-ABD2-4EC3-92A9-5003CAB05BBD}.Debug|Any CPU.Build.0 = Debug|Any CPU
		{D570D9BC-ABD2-4EC3-92A9-5003CAB05BBD}.Release|Any CPU.ActiveCfg = Release|Any CPU
		{D570D9BC-ABD2-4EC3-92A9-5003CAB05BBD}.Release|Any CPU.Build.0 = Release|Any CPU
		{6B3D77DC-7A64-4C85-B4DC-2B83C401F831}.Debug|Any CPU.ActiveCfg = Debug|Any CPU
		{6B3D77DC-7A64-4C85-B4DC-2B83C401F831}.Debug|Any CPU.Build.0 = Debug|Any CPU
		{6B3D77DC-7A64-4C85-B4DC-2B83C401F831}.Release|Any CPU.ActiveCfg = Release|Any CPU
		{6B3D77DC-7A64-4C85-B4DC-2B83C401F831}.Release|Any CPU.Build.0 = Release|Any CPU
		{C703231E-2828-45CD-B884-F865266758EF}.Debug|Any CPU.ActiveCfg = Debug|Any CPU
		{C703231E-2828-45CD-B884-F865266758EF}.Debug|Any CPU.Build.0 = Debug|Any CPU
		{C703231E-2828-45CD-B884-F865266758EF}.Release|Any CPU.ActiveCfg = Release|Any CPU
		{C703231E-2828-45CD-B884-F865266758EF}.Release|Any CPU.Build.0 = Release|Any CPU
	EndGlobalSection
	GlobalSection(SolutionProperties) = preSolution
		HideSolutionNode = FALSE
	EndGlobalSection
	GlobalSection(ExtensibilityGlobals) = postSolution
		SolutionGuid = {67A05400-7DB0-4D89-AA71-EB4033B75139}
	EndGlobalSection
EndGlobal
